
Microsoft Visual Studio Solution File, Format Version 12.00
# Visual Studio Version 17
VisualStudioVersion = 17.8.34511.84
MinimumVisualStudioVersion = 10.0.40219.1
Project("{9A19103F-16F7-4668-BE54-9A1E7A4F7556}") = "Netko", "Netko.csproj", "{EB5A01E4-8AF0-459C-93A0-5A2B5AA7BEFF}"
EndProject
Project("{9A19103F-16F7-4668-BE54-9A1E7A4F7556}") = "Netko.Desktop", "..\Netko.Desktop\Netko.Desktop.csproj", "{ACAC36A1-4FB2-4D1A-A2E7-2F36A247D8EB}"
EndProject
Global
	GlobalSection(SolutionConfigurationPlatforms) = preSolution
		Debug|Any CPU = Debug|Any CPU
		Debug|ARM64 = Debug|ARM64
		Debug|x64 = Debug|x64
		Release|Any CPU = Release|Any CPU
		Release|ARM64 = Release|ARM64
		Release|x64 = Release|x64
		ReleaseAvalonia|Any CPU = ReleaseAvalonia|Any CPU
		ReleaseAvalonia|ARM64 = ReleaseAvalonia|ARM64
		ReleaseAvalonia|x64 = ReleaseAvalonia|x64
		ReleaseAvaloniaRemoteDebugSupport|Any CPU = ReleaseAvaloniaRemoteDebugSupport|Any CPU
		ReleaseAvaloniaRemoteDebugSupport|ARM64 = ReleaseAvaloniaRemoteDebugSupport|ARM64
		ReleaseAvaloniaRemoteDebugSupport|x64 = ReleaseAvaloniaRemoteDebugSupport|x64
		ReleaseWPF|Any CPU = ReleaseWPF|Any CPU
		ReleaseWPF|ARM64 = ReleaseWPF|ARM64
		ReleaseWPF|x64 = ReleaseWPF|x64
	EndGlobalSection
	GlobalSection(ProjectConfigurationPlatforms) = postSolution
		{EB5A01E4-8AF0-459C-93A0-5A2B5AA7BEFF}.Debug|Any CPU.ActiveCfg = Debug|Any CPU
		{EB5A01E4-8AF0-459C-93A0-5A2B5AA7BEFF}.Debug|Any CPU.Build.0 = Debug|Any CPU
		{EB5A01E4-8AF0-459C-93A0-5A2B5AA7BEFF}.Debug|ARM64.ActiveCfg = Debug|Any CPU
		{EB5A01E4-8AF0-459C-93A0-5A2B5AA7BEFF}.Debug|ARM64.Build.0 = Debug|Any CPU
		{EB5A01E4-8AF0-459C-93A0-5A2B5AA7BEFF}.Debug|x64.ActiveCfg = Debug|Any CPU
		{EB5A01E4-8AF0-459C-93A0-5A2B5AA7BEFF}.Debug|x64.Build.0 = Debug|Any CPU
		{EB5A01E4-8AF0-459C-93A0-5A2B5AA7BEFF}.Release|Any CPU.ActiveCfg = Release|Any CPU
		{EB5A01E4-8AF0-459C-93A0-5A2B5AA7BEFF}.Release|Any CPU.Build.0 = Release|Any CPU
		{EB5A01E4-8AF0-459C-93A0-5A2B5AA7BEFF}.Release|ARM64.ActiveCfg = Release|Any CPU
		{EB5A01E4-8AF0-459C-93A0-5A2B5AA7BEFF}.Release|ARM64.Build.0 = Release|Any CPU
		{EB5A01E4-8AF0-459C-93A0-5A2B5AA7BEFF}.Release|x64.ActiveCfg = Release|Any CPU
		{EB5A01E4-8AF0-459C-93A0-5A2B5AA7BEFF}.Release|x64.Build.0 = Release|Any CPU
		{EB5A01E4-8AF0-459C-93A0-5A2B5AA7BEFF}.ReleaseAvalonia|Any CPU.ActiveCfg = Release|Any CPU
		{EB5A01E4-8AF0-459C-93A0-5A2B5AA7BEFF}.ReleaseAvalonia|Any CPU.Build.0 = Release|Any CPU
		{EB5A01E4-8AF0-459C-93A0-5A2B5AA7BEFF}.ReleaseAvalonia|ARM64.ActiveCfg = Release|Any CPU
		{EB5A01E4-8AF0-459C-93A0-5A2B5AA7BEFF}.ReleaseAvalonia|ARM64.Build.0 = Release|Any CPU
		{EB5A01E4-8AF0-459C-93A0-5A2B5AA7BEFF}.ReleaseAvalonia|x64.ActiveCfg = Release|Any CPU
		{EB5A01E4-8AF0-459C-93A0-5A2B5AA7BEFF}.ReleaseAvalonia|x64.Build.0 = Release|Any CPU
		{EB5A01E4-8AF0-459C-93A0-5A2B5AA7BEFF}.ReleaseAvaloniaRemoteDebugSupport|Any CPU.ActiveCfg = Release|Any CPU
		{EB5A01E4-8AF0-459C-93A0-5A2B5AA7BEFF}.ReleaseAvaloniaRemoteDebugSupport|Any CPU.Build.0 = Release|Any CPU
		{EB5A01E4-8AF0-459C-93A0-5A2B5AA7BEFF}.ReleaseAvaloniaRemoteDebugSupport|ARM64.ActiveCfg = Release|Any CPU
		{EB5A01E4-8AF0-459C-93A0-5A2B5AA7BEFF}.ReleaseAvaloniaRemoteDebugSupport|ARM64.Build.0 = Release|Any CPU
		{EB5A01E4-8AF0-459C-93A0-5A2B5AA7BEFF}.ReleaseAvaloniaRemoteDebugSupport|x64.ActiveCfg = Release|Any CPU
		{EB5A01E4-8AF0-459C-93A0-5A2B5AA7BEFF}.ReleaseAvaloniaRemoteDebugSupport|x64.Build.0 = Release|Any CPU
		{EB5A01E4-8AF0-459C-93A0-5A2B5AA7BEFF}.ReleaseWPF|Any CPU.ActiveCfg = Release|Any CPU
		{EB5A01E4-8AF0-459C-93A0-5A2B5AA7BEFF}.ReleaseWPF|Any CPU.Build.0 = Release|Any CPU
		{EB5A01E4-8AF0-459C-93A0-5A2B5AA7BEFF}.ReleaseWPF|ARM64.ActiveCfg = Release|Any CPU
		{EB5A01E4-8AF0-459C-93A0-5A2B5AA7BEFF}.ReleaseWPF|ARM64.Build.0 = Release|Any CPU
		{EB5A01E4-8AF0-459C-93A0-5A2B5AA7BEFF}.ReleaseWPF|x64.ActiveCfg = Release|Any CPU
		{EB5A01E4-8AF0-459C-93A0-5A2B5AA7BEFF}.ReleaseWPF|x64.Build.0 = Release|Any CPU
		{ACAC36A1-4FB2-4D1A-A2E7-2F36A247D8EB}.Debug|Any CPU.ActiveCfg = Debug|Any CPU
		{ACAC36A1-4FB2-4D1A-A2E7-2F36A247D8EB}.Debug|Any CPU.Build.0 = Debug|Any CPU
		{ACAC36A1-4FB2-4D1A-A2E7-2F36A247D8EB}.Debug|ARM64.ActiveCfg = Debug|Any CPU
		{ACAC36A1-4FB2-4D1A-A2E7-2F36A247D8EB}.Debug|ARM64.Build.0 = Debug|Any CPU
		{ACAC36A1-4FB2-4D1A-A2E7-2F36A247D8EB}.Debug|x64.ActiveCfg = Debug|Any CPU
		{ACAC36A1-4FB2-4D1A-A2E7-2F36A247D8EB}.Debug|x64.Build.0 = Debug|Any CPU
		{ACAC36A1-4FB2-4D1A-A2E7-2F36A247D8EB}.Release|Any CPU.ActiveCfg = Release|Any CPU
		{ACAC36A1-4FB2-4D1A-A2E7-2F36A247D8EB}.Release|Any CPU.Build.0 = Release|Any CPU
		{ACAC36A1-4FB2-4D1A-A2E7-2F36A247D8EB}.Release|ARM64.ActiveCfg = Release|Any CPU
		{ACAC36A1-4FB2-4D1A-A2E7-2F36A247D8EB}.Release|ARM64.Build.0 = Release|Any CPU
		{ACAC36A1-4FB2-4D1A-A2E7-2F36A247D8EB}.Release|x64.ActiveCfg = Release|Any CPU
		{ACAC36A1-4FB2-4D1A-A2E7-2F36A247D8EB}.Release|x64.Build.0 = Release|Any CPU
		{ACAC36A1-4FB2-4D1A-A2E7-2F36A247D8EB}.ReleaseAvalonia|Any CPU.ActiveCfg = Release|Any CPU
		{ACAC36A1-4FB2-4D1A-A2E7-2F36A247D8EB}.ReleaseAvalonia|Any CPU.Build.0 = Release|Any CPU
		{ACAC36A1-4FB2-4D1A-A2E7-2F36A247D8EB}.ReleaseAvalonia|ARM64.ActiveCfg = Release|Any CPU
		{ACAC36A1-4FB2-4D1A-A2E7-2F36A247D8EB}.ReleaseAvalonia|ARM64.Build.0 = Release|Any CPU
		{ACAC36A1-4FB2-4D1A-A2E7-2F36A247D8EB}.ReleaseAvalonia|x64.ActiveCfg = Release|Any CPU
		{ACAC36A1-4FB2-4D1A-A2E7-2F36A247D8EB}.ReleaseAvalonia|x64.Build.0 = Release|Any CPU
		{ACAC36A1-4FB2-4D1A-A2E7-2F36A247D8EB}.ReleaseAvaloniaRemoteDebugSupport|Any CPU.ActiveCfg = Release|Any CPU
		{ACAC36A1-4FB2-4D1A-A2E7-2F36A247D8EB}.ReleaseAvaloniaRemoteDebugSupport|Any CPU.Build.0 = Release|Any CPU
		{ACAC36A1-4FB2-4D1A-A2E7-2F36A247D8EB}.ReleaseAvaloniaRemoteDebugSupport|ARM64.ActiveCfg = Release|Any CPU
		{ACAC36A1-4FB2-4D1A-A2E7-2F36A247D8EB}.ReleaseAvaloniaRemoteDebugSupport|ARM64.Build.0 = Release|Any CPU
		{ACAC36A1-4FB2-4D1A-A2E7-2F36A247D8EB}.ReleaseAvaloniaRemoteDebugSupport|x64.ActiveCfg = Release|Any CPU
		{ACAC36A1-4FB2-4D1A-A2E7-2F36A247D8EB}.ReleaseAvaloniaRemoteDebugSupport|x64.Build.0 = Release|Any CPU
		{ACAC36A1-4FB2-4D1A-A2E7-2F36A247D8EB}.ReleaseWPF|Any CPU.ActiveCfg = Release|Any CPU
		{ACAC36A1-4FB2-4D1A-A2E7-2F36A247D8EB}.ReleaseWPF|Any CPU.Build.0 = Release|Any CPU
		{ACAC36A1-4FB2-4D1A-A2E7-2F36A247D8EB}.ReleaseWPF|ARM64.ActiveCfg = Release|Any CPU
		{ACAC36A1-4FB2-4D1A-A2E7-2F36A247D8EB}.ReleaseWPF|ARM64.Build.0 = Release|Any CPU
		{ACAC36A1-4FB2-4D1A-A2E7-2F36A247D8EB}.ReleaseWPF|x64.ActiveCfg = Release|Any CPU
		{ACAC36A1-4FB2-4D1A-A2E7-2F36A247D8EB}.ReleaseWPF|x64.Build.0 = Release|Any CPU
	EndGlobalSection
	GlobalSection(SolutionProperties) = preSolution
		HideSolutionNode = FALSE
	EndGlobalSection
	GlobalSection(ExtensibilityGlobals) = postSolution
		SolutionGuid = {45CEFF82-63E9-4D77-944D-87735DCA77E0}
	EndGlobalSection
EndGlobal
